
Microsoft Visual Studio Solution File, Format Version 12.00
# Visual Studio Version 17
VisualStudioVersion = 17.8.34330.188
MinimumVisualStudioVersion = 10.0.40219.1
Project("{FAE04EC0-301F-11D3-BF4B-00C04F79EFBC}") = "Labs1", "Labs1\Labs1.csproj", "{5ECA2690-E59F-4A98-90F6-F359FA69F2FF}"
EndProject
Project("{FAE04EC0-301F-11D3-BF4B-00C04F79EFBC}") = "Bai 3", "Bai 3\Bai 3.csproj", "{07CC967D-7265-433C-894A-9D106D660470}"
EndProject
Project("{FAE04EC0-301F-11D3-BF4B-00C04F79EFBC}") = "Bai2lab1", "Bai2lab1\Bai2lab1.csproj", "{92B13C91-97CD-4C7B-8F3D-EACD22BE3ED1}"
EndProject
Project("{FAE04EC0-301F-11D3-BF4B-00C04F79EFBC}") = "Bai 4", "Bai 4\Bai 4.csproj", "{7B9FF718-8A59-416E-95BA-F40EC9CC562A}"
EndProject
Global
	GlobalSection(SolutionConfigurationPlatforms) = preSolution
		Debug|Any CPU = Debug|Any CPU
		Release|Any CPU = Release|Any CPU
	EndGlobalSection
	GlobalSection(ProjectConfigurationPlatforms) = postSolution
		{5ECA2690-E59F-4A98-90F6-F359FA69F2FF}.Debug|Any CPU.ActiveCfg = Debug|Any CPU
		{5ECA2690-E59F-4A98-90F6-F359FA69F2FF}.Debug|Any CPU.Build.0 = Debug|Any CPU
		{5ECA2690-E59F-4A98-90F6-F359FA69F2FF}.Release|Any CPU.ActiveCfg = Release|Any CPU
		{5ECA2690-E59F-4A98-90F6-F359FA69F2FF}.Release|Any CPU.Build.0 = Release|Any CPU
		{07CC967D-7265-433C-894A-9D106D660470}.Debug|Any CPU.ActiveCfg = Debug|Any CPU
		{07CC967D-7265-433C-894A-9D106D660470}.Debug|Any CPU.Build.0 = Debug|Any CPU
		{07CC967D-7265-433C-894A-9D106D660470}.Release|Any CPU.ActiveCfg = Release|Any CPU
		{07CC967D-7265-433C-894A-9D106D660470}.Release|Any CPU.Build.0 = Release|Any CPU
		{92B13C91-97CD-4C7B-8F3D-EACD22BE3ED1}.Debug|Any CPU.ActiveCfg = Debug|Any CPU
		{92B13C91-97CD-4C7B-8F3D-EACD22BE3ED1}.Debug|Any CPU.Build.0 = Debug|Any CPU
		{92B13C91-97CD-4C7B-8F3D-EACD22BE3ED1}.Release|Any CPU.ActiveCfg = Release|Any CPU
		{92B13C91-97CD-4C7B-8F3D-EACD22BE3ED1}.Release|Any CPU.Build.0 = Release|Any CPU
		{7B9FF718-8A59-416E-95BA-F40EC9CC562A}.Debug|Any CPU.ActiveCfg = Debug|Any CPU
		{7B9FF718-8A59-416E-95BA-F40EC9CC562A}.Debug|Any CPU.Build.0 = Debug|Any CPU
		{7B9FF718-8A59-416E-95BA-F40EC9CC562A}.Release|Any CPU.ActiveCfg = Release|Any CPU
		{7B9FF718-8A59-416E-95BA-F40EC9CC562A}.Release|Any CPU.Build.0 = Release|Any CPU
	EndGlobalSection
	GlobalSection(SolutionProperties) = preSolution
		HideSolutionNode = FALSE
	EndGlobalSection
	GlobalSection(ExtensibilityGlobals) = postSolution
		SolutionGuid = {B94323FB-FF50-40DE-A3A6-CCD110C9D5C2}
	EndGlobalSection
EndGlobal
